
Microsoft Visual Studio Solution File, Format Version 12.00
# Visual Studio Version 16
VisualStudioVersion = 16.0.31321.278
MinimumVisualStudioVersion = 10.0.40219.1
Project("{FAE04EC0-301F-11D3-BF4B-00C04F79EFBC}") = "BulkyBook", "BulkyBook\BulkyBook.csproj", "{373619C1-A251-4575-A701-9E84C09B936C}"
EndProject
Global
	GlobalSection(SolutionConfigurationPlatforms) = preSolution
		Debug|Any CPU = Debug|Any CPU
		Release|Any CPU = Release|Any CPU
	EndGlobalSection
	GlobalSection(ProjectConfigurationPlatforms) = postSolution
		{373619C1-A251-4575-A701-9E84C09B936C}.Debug|Any CPU.ActiveCfg = Debug|Any CPU
		{373619C1-A251-4575-A701-9E84C09B936C}.Debug|Any CPU.Build.0 = Debug|Any CPU
		{373619C1-A251-4575-A701-9E84C09B936C}.Release|Any CPU.ActiveCfg = Release|Any CPU
		{373619C1-A251-4575-A701-9E84C09B936C}.Release|Any CPU.Build.0 = Release|Any CPU
	EndGlobalSection
	GlobalSection(SolutionProperties) = preSolution
		HideSolutionNode = FALSE
	EndGlobalSection
	GlobalSection(ExtensibilityGlobals) = postSolution
		SolutionGuid = {41B6DB9D-2ABA-4698-9993-E019FDA028C4}
	EndGlobalSection
EndGlobal
